<?xml version="1.0" encoding="utf-8"?>
<Project ToolsVersion="4.0" xmlns="http://schemas.microsoft.com/developer/msbuild/2003">
  <ItemGroup>
    <Filter Include="Source Files">
      <UniqueIdentifier>{4FC737F1-C7A5-4376-A066-2A32D752A2FF}</UniqueIdentifier>
      <Extensions>cpp;c;cc;cxx;c++;cppm;ixx;def;odl;idl;hpj;bat;asm;asmx</Extensions>
    </Filter>
    <Filter Include="Header Files">
      <UniqueIdentifier>{93995380-89BD-4b04-88EB-625FBE52EBFB}</UniqueIdentifier>
      <Extensions>h;hh;hpp;hxx;h++;hm;inl;inc;ipp;xsd</Extensions>
    </Filter>
    <Filter Include="Source Files\Back-End">
      <UniqueIdentifier>{82b9c834-1387-4359-9b00-4c56cfc4909e}</UniqueIdentifier>
    </Filter>
    <Filter Include="Header Files\Back-End">
      <UniqueIdentifier>{495ce3e9-f937-4330-ab2b-ed80a95b0c7d}</UniqueIdentifier>
    </Filter>
    <Filter Include="Resource Files">
      <UniqueIdentifier>{67DA6AB6-F800-4c08-8B7A-83BB121AAD01}</UniqueIdentifier>
      <Extensions>rc;ico;cur;bmp;dlg;rc2;rct;bin;rgs;gif;jpg;jpeg;jpe;resx;tiff;tif;png;wav;mfcribbon-ms</Extensions>
    </Filter>
    <Filter Include="Source Files\Front-End">
      <UniqueIdentifier>{6ed3e129-32e8-42f6-9a30-38eb24216b72}</UniqueIdentifier>
    </Filter>
    <Filter Include="Header Files\Front-End">
      <UniqueIdentifier>{f12ef4de-e2fd-4012-b0ea-00462bb87e5c}</UniqueIdentifier>
    </Filter>
  </ItemGroup>
  <ItemGroup>
    <ClCompile Include="Back-End\CPP Files\timelineMode.cpp">
      <Filter>Source Files\Back-End</Filter>
    </ClCompile>
    <ClCompile Include="historyProject.cpp">
      <Filter>Source Files</Filter>
    </ClCompile>
    <ClCompile Include="Front-End\CPP Files\startProgram.cpp">
      <Filter>Source Files\Front-End</Filter>
    </ClCompile>
    <ClCompile Include="Back-End\CPP Files\registerForm.cpp">
      <Filter>Source Files\Back-End</Filter>
    </ClCompile>
  </ItemGroup>
  <ItemGroup>
    <ClInclude Include="Back-End\Header Files\timelineMode.h">
      <Filter>Header Files\Back-End</Filter>
    </ClInclude>
    <ClInclude Include="Front-End\Header Files\startProgram.h">
      <Filter>Header Files\Front-End</Filter>
    </ClInclude>
    <ClInclude Include="Back-End\Header Files\registerForm.h">
      <Filter>Header Files\Back-End</Filter>
    </ClInclude>
  </ItemGroup>
</Project>